
Microsoft Visual Studio Solution File, Format Version 12.00
# Visual Studio Version 17
VisualStudioVersion = 17.9.34902.65
MinimumVisualStudioVersion = 10.0.40219.1
Project("{FAE04EC0-301F-11D3-BF4B-00C04F79EFBC}") = "ArchitectureServices", "ArchitectureServices\ArchitectureServices.csproj", "{9DF5ADB4-04F2-4A77-A45B-673C0656B06A}"
EndProject
Project("{FAE04EC0-301F-11D3-BF4B-00C04F79EFBC}") = "ArchitectureServices.Core", "ArchitectureServices.Core\ArchitectureServices.Core.csproj", "{CF8891A7-62D8-4203-84BE-055CA5015894}"
EndProject
Project("{FAE04EC0-301F-11D3-BF4B-00C04F79EFBC}") = "ArchitectureServices.Application", "ArchitectureServices.Application\ArchitectureServices.Application.csproj", "{BAAFFE66-67EE-490D-90A8-1653C698BF9A}"
EndProject
Global
	GlobalSection(SolutionConfigurationPlatforms) = preSolution
		Debug|Any CPU = Debug|Any CPU
		Release|Any CPU = Release|Any CPU
	EndGlobalSection
	GlobalSection(ProjectConfigurationPlatforms) = postSolution
		{9DF5ADB4-04F2-4A77-A45B-673C0656B06A}.Debug|Any CPU.ActiveCfg = Debug|Any CPU
		{9DF5ADB4-04F2-4A77-A45B-673C0656B06A}.Debug|Any CPU.Build.0 = Debug|Any CPU
		{9DF5ADB4-04F2-4A77-A45B-673C0656B06A}.Release|Any CPU.ActiveCfg = Release|Any CPU
		{9DF5ADB4-04F2-4A77-A45B-673C0656B06A}.Release|Any CPU.Build.0 = Release|Any CPU
		{CF8891A7-62D8-4203-84BE-055CA5015894}.Debug|Any CPU.ActiveCfg = Debug|Any CPU
		{CF8891A7-62D8-4203-84BE-055CA5015894}.Debug|Any CPU.Build.0 = Debug|Any CPU
		{CF8891A7-62D8-4203-84BE-055CA5015894}.Release|Any CPU.ActiveCfg = Release|Any CPU
		{CF8891A7-62D8-4203-84BE-055CA5015894}.Release|Any CPU.Build.0 = Release|Any CPU
		{BAAFFE66-67EE-490D-90A8-1653C698BF9A}.Debug|Any CPU.ActiveCfg = Debug|Any CPU
		{BAAFFE66-67EE-490D-90A8-1653C698BF9A}.Debug|Any CPU.Build.0 = Debug|Any CPU
		{BAAFFE66-67EE-490D-90A8-1653C698BF9A}.Release|Any CPU.ActiveCfg = Release|Any CPU
		{BAAFFE66-67EE-490D-90A8-1653C698BF9A}.Release|Any CPU.Build.0 = Release|Any CPU
	EndGlobalSection
	GlobalSection(SolutionProperties) = preSolution
		HideSolutionNode = FALSE
	EndGlobalSection
	GlobalSection(ExtensibilityGlobals) = postSolution
		SolutionGuid = {9A7148AE-67B8-48BC-B279-E19C8D53DD4D}
	EndGlobalSection
EndGlobal
